
Microsoft Visual Studio Solution File, Format Version 12.00
# Visual Studio Version 17
VisualStudioVersion = 17.0.31903.59
MinimumVisualStudioVersion = 10.0.40219.1
Project("{FAE04EC0-301F-11D3-BF4B-00C04F79EFBC}") = "AcademicFinalsSpaceManager.API", "AcademicFinals.API\AcademicFinalsSpaceManager.API.csproj", "{54B33F7C-45DC-4546-AD1F-087829A9CBD8}"
EndProject
Project("{FAE04EC0-301F-11D3-BF4B-00C04F79EFBC}") = "AcademicFinals.Tests", "AcademicFinals.Tests\AcademicFinals.Tests.csproj", "{B9E6D3AE-50F8-4B28-BFD6-5C4A7A9ED163}"
EndProject
Project("{FAE04EC0-301F-11D3-BF4B-00C04F79EFBC}") = "AcademicFinals.IntegrationTests", "AcademicFinals.IntegrationTests\AcademicFinals.IntegrationTests.csproj", "{FED97C02-B060-4EB4-A8C9-AFBC39326E64}"
EndProject
Global
	GlobalSection(SolutionConfigurationPlatforms) = preSolution
		Debug|Any CPU = Debug|Any CPU
		Release|Any CPU = Release|Any CPU
	EndGlobalSection
	GlobalSection(SolutionProperties) = preSolution
		HideSolutionNode = FALSE
	EndGlobalSection
	GlobalSection(ProjectConfigurationPlatforms) = postSolution
		{54B33F7C-45DC-4546-AD1F-087829A9CBD8}.Debug|Any CPU.ActiveCfg = Debug|Any CPU
		{54B33F7C-45DC-4546-AD1F-087829A9CBD8}.Debug|Any CPU.Build.0 = Debug|Any CPU
		{54B33F7C-45DC-4546-AD1F-087829A9CBD8}.Release|Any CPU.ActiveCfg = Release|Any CPU
		{54B33F7C-45DC-4546-AD1F-087829A9CBD8}.Release|Any CPU.Build.0 = Release|Any CPU
		{B9E6D3AE-50F8-4B28-BFD6-5C4A7A9ED163}.Debug|Any CPU.ActiveCfg = Debug|Any CPU
		{B9E6D3AE-50F8-4B28-BFD6-5C4A7A9ED163}.Debug|Any CPU.Build.0 = Debug|Any CPU
		{B9E6D3AE-50F8-4B28-BFD6-5C4A7A9ED163}.Release|Any CPU.ActiveCfg = Release|Any CPU
		{B9E6D3AE-50F8-4B28-BFD6-5C4A7A9ED163}.Release|Any CPU.Build.0 = Release|Any CPU
		{FED97C02-B060-4EB4-A8C9-AFBC39326E64}.Debug|Any CPU.ActiveCfg = Debug|Any CPU
		{FED97C02-B060-4EB4-A8C9-AFBC39326E64}.Debug|Any CPU.Build.0 = Debug|Any CPU
		{FED97C02-B060-4EB4-A8C9-AFBC39326E64}.Release|Any CPU.ActiveCfg = Release|Any CPU
		{FED97C02-B060-4EB4-A8C9-AFBC39326E64}.Release|Any CPU.Build.0 = Release|Any CPU
	EndGlobalSection
EndGlobal
